// !$*UTF8*$!
{
	archiveVersion = 1;
	classes = {
	};
	objectVersion = 46;
	objects = {

/* Begin PBXBuildFile section */
		6731791F1ECC794D00E05D79 /* main.cpp in Sources */ = {isa = PBXBuildFile; fileRef = 6731791E1ECC794D00E05D79 /* main.cpp */; };
		673179271ECC7A8200E05D79 /* mission.cpp in Sources */ = {isa = PBXBuildFile; fileRef = 673179251ECC7A8200E05D79 /* mission.cpp */; };
		A001496C1EDDAED500934F46 /* spliter.cpp in Sources */ = {isa = PBXBuildFile; fileRef = A001496A1EDDAED500934F46 /* spliter.cpp */; };
/* End PBXBuildFile section */

/* Begin PBXCopyFilesBuildPhase section */
		673179191ECC794D00E05D79 /* CopyFiles */ = {
			isa = PBXCopyFilesBuildPhase;
			buildActionMask = 2147483647;
			dstPath = /usr/share/man/man1/;
			dstSubfolderSpec = 0;
			files = (
			);
			runOnlyForDeploymentPostprocessing = 1;
		};
/* End PBXCopyFilesBuildPhase section */

/* Begin PBXFileReference section */
		6731791B1ECC794D00E05D79 /* RATP2 */ = {isa = PBXFileReference; explicitFileType = "compiled.mach-o.executable"; includeInIndex = 0; path = RATP2; sourceTree = BUILT_PRODUCTS_DIR; };
		6731791E1ECC794D00E05D79 /* main.cpp */ = {isa = PBXFileReference; lastKnownFileType = sourcecode.cpp.cpp; path = main.cpp; sourceTree = "<group>"; };
		673179251ECC7A8200E05D79 /* mission.cpp */ = {isa = PBXFileReference; fileEncoding = 4; lastKnownFileType = sourcecode.cpp.cpp; path = mission.cpp; sourceTree = "<group>"; };
		673179261ECC7A8200E05D79 /* mission.hpp */ = {isa = PBXFileReference; fileEncoding = 4; lastKnownFileType = sourcecode.cpp.h; path = mission.hpp; sourceTree = "<group>"; };
		A001496A1EDDAED500934F46 /* spliter.cpp */ = {isa = PBXFileReference; fileEncoding = 4; lastKnownFileType = sourcecode.cpp.cpp; path = spliter.cpp; sourceTree = "<group>"; };
		A001496B1EDDAED500934F46 /* spliter.hpp */ = {isa = PBXFileReference; fileEncoding = 4; lastKnownFileType = sourcecode.cpp.h; path = spliter.hpp; sourceTree = "<group>"; };
/* End PBXFileReference section */

/* Begin PBXFrameworksBuildPhase section */
		673179181ECC794D00E05D79 /* Frameworks */ = {
			isa = PBXFrameworksBuildPhase;
			buildActionMask = 2147483647;
			files = (
			);
			runOnlyForDeploymentPostprocessing = 0;
		};
/* End PBXFrameworksBuildPhase section */

/* Begin PBXGroup section */
		673179121ECC794D00E05D79 = {
			isa = PBXGroup;
			children = (
				6731791D1ECC794D00E05D79 /* RATP2 */,
				6731791C1ECC794D00E05D79 /* Products */,
			);
			sourceTree = "<group>";
		};
		6731791C1ECC794D00E05D79 /* Products */ = {
			isa = PBXGroup;
			children = (
				6731791B1ECC794D00E05D79 /* RATP2 */,
			);
			name = Products;
			sourceTree = "<group>";
		};
		6731791D1ECC794D00E05D79 /* RATP2 */ = {
			isa = PBXGroup;
			children = (
				6731791E1ECC794D00E05D79 /* main.cpp */,
				673179251ECC7A8200E05D79 /* mission.cpp */,
				673179261ECC7A8200E05D79 /* mission.hpp */,
				A001496A1EDDAED500934F46 /* spliter.cpp */,
				A001496B1EDDAED500934F46 /* spliter.hpp */,
			);
			path = RATP2;
			sourceTree = "<group>";
		};
/* End PBXGroup section */

/* Begin PBXNativeTarget section */
		6731791A1ECC794D00E05D79 /* RATP2 */ = {
			isa = PBXNativeTarget;
			buildConfigurationList = 673179221ECC794D00E05D79 /* Build configuration list for PBXNativeTarget "RATP2" */;
			buildPhases = (
				673179171ECC794D00E05D79 /* Sources */,
				673179181ECC794D00E05D79 /* Frameworks */,
				673179191ECC794D00E05D79 /* CopyFiles */,
			);
			buildRules = (
			);
			dependencies = (
			);
			name = RATP2;
			productName = RATP2;
			productReference = 6731791B1ECC794D00E05D79 /* RATP2 */;
			productType = "com.apple.product-type.tool";
		};
/* End PBXNativeTarget section */

/* Begin PBXProject section */
		673179131ECC794D00E05D79 /* Project object */ = {
			isa = PBXProject;
			attributes = {
				LastUpgradeCheck = 0810;
				ORGANIZATIONNAME = "Benoît Guillard";
				TargetAttributes = {
					6731791A1ECC794D00E05D79 = {
						CreatedOnToolsVersion = 8.1;
						DevelopmentTeam = GP735J863E;
						ProvisioningStyle = Automatic;
					};
				};
			};
			buildConfigurationList = 673179161ECC794D00E05D79 /* Build configuration list for PBXProject "RATP2" */;
			compatibilityVersion = "Xcode 3.2";
			developmentRegion = English;
			hasScannedForEncodings = 0;
			knownRegions = (
				en,
			);
			mainGroup = 673179121ECC794D00E05D79;
			productRefGroup = 6731791C1ECC794D00E05D79 /* Products */;
			projectDirPath = "";
			projectRoot = "";
			targets = (
				6731791A1ECC794D00E05D79 /* RATP2 */,
			);
		};
/* End PBXProject section */

/* Begin PBXSourcesBuildPhase section */
		673179171ECC794D00E05D79 /* Sources */ = {
			isa = PBXSourcesBuildPhase;
			buildActionMask = 2147483647;
			files = (
				673179271ECC7A8200E05D79 /* mission.cpp in Sources */,
				6731791F1ECC794D00E05D79 /* main.cpp in Sources */,
				A001496C1EDDAED500934F46 /* spliter.cpp in Sources */,
			);
			runOnlyForDeploymentPostprocessing = 0;
		};
/* End PBXSourcesBuildPhase section */

/* Begin XCBuildConfiguration section */
		673179201ECC794D00E05D79 /* Debug */ = {
			isa = XCBuildConfiguration;
			buildSettings = {
				ALWAYS_SEARCH_USER_PATHS = NO;
				CLANG_ANALYZER_NONNULL = YES;
				CLANG_CXX_LANGUAGE_STANDARD = "gnu++0x";
				CLANG_CXX_LIBRARY = "libc++";
				CLANG_ENABLE_MODULES = YES;
				CLANG_ENABLE_OBJC_ARC = YES;
				CLANG_WARN_BOOL_CONVERSION = YES;
				CLANG_WARN_CONSTANT_CONVERSION = YES;
				CLANG_WARN_DIRECT_OBJC_ISA_USAGE = YES_ERROR;
				CLANG_WARN_DOCUMENTATION_COMMENTS = YES;
				CLANG_WARN_EMPTY_BODY = YES;
				CLANG_WARN_ENUM_CONVERSION = YES;
				CLANG_WARN_INFINITE_RECURSION = YES;
				CLANG_WARN_INT_CONVERSION = YES;
				CLANG_WARN_OBJC_ROOT_CLASS = YES_ERROR;
				CLANG_WARN_SUSPICIOUS_MOVES = YES;
				CLANG_WARN_UNREACHABLE_CODE = YES;
				CLANG_WARN__DUPLICATE_METHOD_MATCH = YES;
				CODE_SIGN_IDENTITY = "-";
				COPY_PHASE_STRIP = NO;
				DEBUG_INFORMATION_FORMAT = dwarf;
				ENABLE_STRICT_OBJC_MSGSEND = YES;
				ENABLE_TESTABILITY = YES;
				GCC_C_LANGUAGE_STANDARD = gnu99;
				GCC_DYNAMIC_NO_PIC = NO;
				GCC_NO_COMMON_BLOCKS = YES;
				GCC_OPTIMIZATION_LEVEL = 0;
				GCC_PREPROCESSOR_DEFINITIONS = (
					"DEBUG=1",
					"$(inherited)",
				);
				GCC_WARN_64_TO_32_BIT_CONVERSION = YES;
				GCC_WARN_ABOUT_RETURN_TYPE = YES_ERROR;
				GCC_WARN_UNDECLARED_SELECTOR = YES;
				GCC_WARN_UNINITIALIZED_AUTOS = YES_AGGRESSIVE;
				GCC_WARN_UNUSED_FUNCTION = YES;
				GCC_WARN_UNUSED_VARIABLE = YES;
				MACOSX_DEPLOYMENT_TARGET = 10.12;
				MTL_ENABLE_DEBUG_INFO = YES;
				ONLY_ACTIVE_ARCH = YES;
				SDKROOT = macosx;
			};
			name = Debug;
		};
		673179211ECC794D00E05D79 /* Release */ = {
			isa = XCBuildConfiguration;
			buildSettings = {
				ALWAYS_SEARCH_USER_PATHS = NO;
				CLANG_ANALYZER_NONNULL = YES;
				CLANG_CXX_LANGUAGE_STANDARD = "gnu++0x";
				CLANG_CXX_LIBRARY = "libc++";
				CLANG_ENABLE_MODULES = YES;
				CLANG_ENABLE_OBJC_ARC = YES;
				CLANG_WARN_BOOL_CONVERSION = YES;
				CLANG_WARN_CONSTANT_CONVERSION = YES;
				CLANG_WARN_DIRECT_OBJC_ISA_USAGE = YES_ERROR;
				CLANG_WARN_DOCUMENTATION_COMMENTS = YES;
				CLANG_WARN_EMPTY_BODY = YES;
				CLANG_WARN_ENUM_CONVERSION = YES;
				CLANG_WARN_INFINITE_RECURSION = YES;
				CLANG_WARN_INT_CONVERSION = YES;
				CLANG_WARN_OBJC_ROOT_CLASS = YES_ERROR;
				CLANG_WARN_SUSPICIOUS_MOVES = YES;
				CLANG_WARN_UNREACHABLE_CODE = YES;
				CLANG_WARN__DUPLICATE_METHOD_MATCH = YES;
				CODE_SIGN_IDENTITY = "-";
				COPY_PHASE_STRIP = NO;
				DEBUG_INFORMATION_FORMAT = "dwarf-with-dsym";
				ENABLE_NS_ASSERTIONS = NO;
				ENABLE_STRICT_OBJC_MSGSEND = YES;
				GCC_C_LANGUAGE_STANDARD = gnu99;
				GCC_NO_COMMON_BLOCKS = YES;
				GCC_WARN_64_TO_32_BIT_CONVERSION = YES;
				GCC_WARN_ABOUT_RETURN_TYPE = YES_ERROR;
				GCC_WARN_UNDECLARED_SELECTOR = YES;
				GCC_WARN_UNINITIALIZED_AUTOS = YES_AGGRESSIVE;
				GCC_WARN_UNUSED_FUNCTION = YES;
				GCC_WARN_UNUSED_VARIABLE = YES;
				MACOSX_DEPLOYMENT_TARGET = 10.12;
				MTL_ENABLE_DEBUG_INFO = NO;
				SDKROOT = macosx;
			};
			name = Release;
		};
		673179231ECC794D00E05D79 /* Debug */ = {
			isa = XCBuildConfiguration;
			buildSettings = {
				DEVELOPMENT_TEAM = GP735J863E;
				PRODUCT_NAME = "$(TARGET_NAME)";
			};
			name = Debug;
		};
		673179241ECC794D00E05D79 /* Release */ = {
			isa = XCBuildConfiguration;
			buildSettings = {
				DEVELOPMENT_TEAM = GP735J863E;
				PRODUCT_NAME = "$(TARGET_NAME)";
			};
			name = Release;
		};
/* End XCBuildConfiguration section */

/* Begin XCConfigurationList section */
		673179161ECC794D00E05D79 /* Build configuration list for PBXProject "RATP2" */ = {
			isa = XCConfigurationList;
			buildConfigurations = (
				673179201ECC794D00E05D79 /* Debug */,
				673179211ECC794D00E05D79 /* Release */,
			);
			defaultConfigurationIsVisible = 0;
			defaultConfigurationName = Release;
		};
		673179221ECC794D00E05D79 /* Build configuration list for PBXNativeTarget "RATP2" */ = {
			isa = XCConfigurationList;
			buildConfigurations = (
				673179231ECC794D00E05D79 /* Debug */,
				673179241ECC794D00E05D79 /* Release */,
			);
			defaultConfigurationIsVisible = 0;
			defaultConfigurationName = Release;
		};
/* End XCConfigurationList section */
	};
	rootObject = 673179131ECC794D00E05D79 /* Project object */;
}
